
Microsoft Visual Studio Solution File, Format Version 12.00
# Visual Studio 2013
VisualStudioVersion = 12.0.31101.0
MinimumVisualStudioVersion = 10.0.40219.1
Project("{FAE04EC0-301F-11D3-BF4B-00C04F79EFBC}") = "MvcApplication3", "MvcApplication3\MvcApplication3.csproj", "{8341E264-E9DB-4124-A88E-11A8F6BFA409}"
EndProject
Project("{FAE04EC0-301F-11D3-BF4B-00C04F79EFBC}") = "MvcApplication3.Tests", "MvcApplication3.Tests\MvcApplication3.Tests.csproj", "{978185AB-C4EF-4ECD-B033-F91631F99207}"
EndProject
Project("{FAE04EC0-301F-11D3-BF4B-00C04F79EFBC}") = "Web.Core", "Web.Core\Web.Core.csproj", "{8C49D5C9-E338-4514-B452-794514967D3A}"
EndProject
Project("{FAE04EC0-301F-11D3-BF4B-00C04F79EFBC}") = "DB", "DB\DB.csproj", "{09AEAE71-2585-4B84-A94B-3F192021E7D7}"
EndProject
Project("{FAE04EC0-301F-11D3-BF4B-00C04F79EFBC}") = "IoC", "IoC\IoC.csproj", "{231E250B-DB93-4E5C-9C31-9B039E1533E3}"
EndProject
Project("{FAE04EC0-301F-11D3-BF4B-00C04F79EFBC}") = "ConsoleApplication1", "ConsoleApplication1\ConsoleApplication1.csproj", "{122E9696-6125-499E-840D-B58DF6474B93}"
EndProject
Project("{2150E333-8FDC-42A3-9474-1A3956D46DE8}") = "grunt-build", "grunt-build", "{D244CE27-3F91-486C-89F7-D05E045A8FA9}"
	ProjectSection(SolutionItems) = preProject
		gruntfile.js = gruntfile.js
		package.json = package.json
	EndProjectSection
EndProject
Global
	GlobalSection(SolutionConfigurationPlatforms) = preSolution
		Debug|Any CPU = Debug|Any CPU
		Release|Any CPU = Release|Any CPU
	EndGlobalSection
	GlobalSection(ProjectConfigurationPlatforms) = postSolution
		{8341E264-E9DB-4124-A88E-11A8F6BFA409}.Debug|Any CPU.ActiveCfg = Debug|Any CPU
		{8341E264-E9DB-4124-A88E-11A8F6BFA409}.Debug|Any CPU.Build.0 = Debug|Any CPU
		{8341E264-E9DB-4124-A88E-11A8F6BFA409}.Release|Any CPU.ActiveCfg = Release|Any CPU
		{8341E264-E9DB-4124-A88E-11A8F6BFA409}.Release|Any CPU.Build.0 = Release|Any CPU
		{978185AB-C4EF-4ECD-B033-F91631F99207}.Debug|Any CPU.ActiveCfg = Debug|Any CPU
		{978185AB-C4EF-4ECD-B033-F91631F99207}.Debug|Any CPU.Build.0 = Debug|Any CPU
		{978185AB-C4EF-4ECD-B033-F91631F99207}.Release|Any CPU.ActiveCfg = Release|Any CPU
		{978185AB-C4EF-4ECD-B033-F91631F99207}.Release|Any CPU.Build.0 = Release|Any CPU
		{8C49D5C9-E338-4514-B452-794514967D3A}.Debug|Any CPU.ActiveCfg = Debug|Any CPU
		{8C49D5C9-E338-4514-B452-794514967D3A}.Debug|Any CPU.Build.0 = Debug|Any CPU
		{8C49D5C9-E338-4514-B452-794514967D3A}.Release|Any CPU.ActiveCfg = Release|Any CPU
		{8C49D5C9-E338-4514-B452-794514967D3A}.Release|Any CPU.Build.0 = Release|Any CPU
		{09AEAE71-2585-4B84-A94B-3F192021E7D7}.Debug|Any CPU.ActiveCfg = Debug|Any CPU
		{09AEAE71-2585-4B84-A94B-3F192021E7D7}.Debug|Any CPU.Build.0 = Debug|Any CPU
		{09AEAE71-2585-4B84-A94B-3F192021E7D7}.Release|Any CPU.ActiveCfg = Release|Any CPU
		{09AEAE71-2585-4B84-A94B-3F192021E7D7}.Release|Any CPU.Build.0 = Release|Any CPU
		{231E250B-DB93-4E5C-9C31-9B039E1533E3}.Debug|Any CPU.ActiveCfg = Debug|Any CPU
		{231E250B-DB93-4E5C-9C31-9B039E1533E3}.Debug|Any CPU.Build.0 = Debug|Any CPU
		{231E250B-DB93-4E5C-9C31-9B039E1533E3}.Release|Any CPU.ActiveCfg = Release|Any CPU
		{231E250B-DB93-4E5C-9C31-9B039E1533E3}.Release|Any CPU.Build.0 = Release|Any CPU
		{122E9696-6125-499E-840D-B58DF6474B93}.Debug|Any CPU.ActiveCfg = Debug|Any CPU
		{122E9696-6125-499E-840D-B58DF6474B93}.Debug|Any CPU.Build.0 = Debug|Any CPU
		{122E9696-6125-499E-840D-B58DF6474B93}.Release|Any CPU.ActiveCfg = Release|Any CPU
		{122E9696-6125-499E-840D-B58DF6474B93}.Release|Any CPU.Build.0 = Release|Any CPU
	EndGlobalSection
	GlobalSection(SolutionProperties) = preSolution
		HideSolutionNode = FALSE
	EndGlobalSection
EndGlobal
